
Microsoft Visual Studio Solution File, Format Version 12.00
# Visual Studio Version 17
VisualStudioVersion = 17.3.32929.385
MinimumVisualStudioVersion = 10.0.40219.1
Project("{FAE04EC0-301F-11D3-BF4B-00C04F79EFBC}") = "TaskBoard", "TaskBoard\TaskBoard.csproj", "{0A0B3A55-63A1-48FB-9313-6A54F40D92C7}"
EndProject
Project("{FAE04EC0-301F-11D3-BF4B-00C04F79EFBC}") = "TaskBoard.Core", "TaskBoard.Core\TaskBoard.Core.csproj", "{D8B72E3F-60AB-4111-815E-FE7F53DE685F}"
EndProject
Project("{FAE04EC0-301F-11D3-BF4B-00C04F79EFBC}") = "TaskBoard.DataAccess", "TaskBoard.DataAccess\TaskBoard.DataAccess.csproj", "{59B43CCD-DAF0-484B-B614-CA16C602B23E}"
EndProject
Project("{FAE04EC0-301F-11D3-BF4B-00C04F79EFBC}") = "TaskBoard.Services", "TaskBoard.Services\TaskBoard.Services.csproj", "{0D72187A-AD27-4614-9BD1-1E7841442D71}"
EndProject
Global
	GlobalSection(SolutionConfigurationPlatforms) = preSolution
		Debug|Any CPU = Debug|Any CPU
		Release|Any CPU = Release|Any CPU
	EndGlobalSection
	GlobalSection(ProjectConfigurationPlatforms) = postSolution
		{0A0B3A55-63A1-48FB-9313-6A54F40D92C7}.Debug|Any CPU.ActiveCfg = Debug|Any CPU
		{0A0B3A55-63A1-48FB-9313-6A54F40D92C7}.Debug|Any CPU.Build.0 = Debug|Any CPU
		{0A0B3A55-63A1-48FB-9313-6A54F40D92C7}.Release|Any CPU.ActiveCfg = Release|Any CPU
		{0A0B3A55-63A1-48FB-9313-6A54F40D92C7}.Release|Any CPU.Build.0 = Release|Any CPU
		{D8B72E3F-60AB-4111-815E-FE7F53DE685F}.Debug|Any CPU.ActiveCfg = Debug|Any CPU
		{D8B72E3F-60AB-4111-815E-FE7F53DE685F}.Debug|Any CPU.Build.0 = Debug|Any CPU
		{D8B72E3F-60AB-4111-815E-FE7F53DE685F}.Release|Any CPU.ActiveCfg = Release|Any CPU
		{D8B72E3F-60AB-4111-815E-FE7F53DE685F}.Release|Any CPU.Build.0 = Release|Any CPU
		{59B43CCD-DAF0-484B-B614-CA16C602B23E}.Debug|Any CPU.ActiveCfg = Debug|Any CPU
		{59B43CCD-DAF0-484B-B614-CA16C602B23E}.Debug|Any CPU.Build.0 = Debug|Any CPU
		{59B43CCD-DAF0-484B-B614-CA16C602B23E}.Release|Any CPU.ActiveCfg = Release|Any CPU
		{59B43CCD-DAF0-484B-B614-CA16C602B23E}.Release|Any CPU.Build.0 = Release|Any CPU
		{0D72187A-AD27-4614-9BD1-1E7841442D71}.Debug|Any CPU.ActiveCfg = Debug|Any CPU
		{0D72187A-AD27-4614-9BD1-1E7841442D71}.Debug|Any CPU.Build.0 = Debug|Any CPU
		{0D72187A-AD27-4614-9BD1-1E7841442D71}.Release|Any CPU.ActiveCfg = Release|Any CPU
		{0D72187A-AD27-4614-9BD1-1E7841442D71}.Release|Any CPU.Build.0 = Release|Any CPU
	EndGlobalSection
	GlobalSection(SolutionProperties) = preSolution
		HideSolutionNode = FALSE
	EndGlobalSection
	GlobalSection(ExtensibilityGlobals) = postSolution
		SolutionGuid = {AF805451-FB88-48CA-AD16-8232B3C04A11}
	EndGlobalSection
EndGlobal
